{
  "lockfileVersion": 1,
  "configVersion": 1,
  "workspaces": {
    "": {
      "name": "@pirate/gateway-hns-public",
      "dependencies": {
        "@pirate/api-contracts": "file:../../../../api/services/contracts",
      },
    },
  },
  "packages": {
    "@pirate/api-contracts": ["@pirate/api-contracts@file:../../../../api/services/contracts", { "devDependencies": { "@types/node": "^24.5.2", "@typescript/native-preview": "^7.0.0-dev.20260421.2", "typescript": "^5.8.3" } }],

    "@types/node": ["@types/node@24.12.4", "", { "dependencies": { "undici-types": "~7.16.0" } }, "sha512-GUUEShf+PBCGW2KaXwcIt3Yk+e3pkKwWKb9GSyM9WQVE+ep2jzmHdGsHzu4wgcZy5fN9FBdVzjpBQsYlpfpgLA=="],

    "@typescript/native-preview": ["@typescript/native-preview@7.0.0-dev.20260512.1", "", { "optionalDependencies": { "@typescript/native-preview-darwin-arm64": "7.0.0-dev.20260512.1", "@typescript/native-preview-darwin-x64": "7.0.0-dev.20260512.1", "@typescript/native-preview-linux-arm": "7.0.0-dev.20260512.1", "@typescript/native-preview-linux-arm64": "7.0.0-dev.20260512.1", "@typescript/native-preview-linux-x64": "7.0.0-dev.20260512.1", "@typescript/native-preview-win32-arm64": "7.0.0-dev.20260512.1", "@typescript/native-preview-win32-x64": "7.0.0-dev.20260512.1" }, "bin": { "tsgo": "bin/tsgo.js" } }, "sha512-KIzYPGuxZnyiiYkYrozDT94Af2nwbdLXoY1cgGY66RRa9HSEw13RH9WHg8wA8fZhT4wYzF5uF7WY3hz0QhaxGg=="],

    "@typescript/native-preview-darwin-arm64": ["@typescript/native-preview-darwin-arm64@7.0.0-dev.20260512.1", "", { "os": "darwin", "cpu": "arm64" }, "sha512-l9AJi/TIVMPx5R1c7fxZCSA7eUaHeA0C9Mxdxx/oQJo1K/GtbI3mzYe/SiKNltko1KSdKUmWVhPwxTOS289REg=="],

    "@typescript/native-preview-darwin-x64": ["@typescript/native-preview-darwin-x64@7.0.0-dev.20260512.1", "", { "os": "darwin", "cpu": "x64" }, "sha512-oABZLQrfB8JN2Ct2CiLK5PyE28Em3sIJlZsAMD45/A2ymtIaa5826dwv8vapE5Wjp54ao0LXxCSuKFm1A8zzCQ=="],

    "@typescript/native-preview-linux-arm": ["@typescript/native-preview-linux-arm@7.0.0-dev.20260512.1", "", { "os": "linux", "cpu": "arm" }, "sha512-0Hs1Gqa/t9cthoPdqHud1pFGUr9DgJivBTjwquTUh8jt/6PI2bQxoMNZLiN/bhqeDFDTzdxoMBfCaytsTMcXqw=="],

    "@typescript/native-preview-linux-arm64": ["@typescript/native-preview-linux-arm64@7.0.0-dev.20260512.1", "", { "os": "linux", "cpu": "arm64" }, "sha512-xvbwzpTe+5N6bnBI/t9n4zsGzXxz3V6rVbvDUoJmRLfav5fz+ck0QDkGQGUPrQEEIp0KEzQvx7c+AEZnzdvTQA=="],

    "@typescript/native-preview-linux-x64": ["@typescript/native-preview-linux-x64@7.0.0-dev.20260512.1", "", { "os": "linux", "cpu": "x64" }, "sha512-qr5h6FPo74bN/U+EwRuayBhUbxaji8xzFbIbhMOA2oYSc/qozp5ia2g1+9xGw67MXxPPw/IPT+UGvrNK7K1NeQ=="],

    "@typescript/native-preview-win32-arm64": ["@typescript/native-preview-win32-arm64@7.0.0-dev.20260512.1", "", { "os": "win32", "cpu": "arm64" }, "sha512-meNWxhNEfaqos2U0JXvfxWvy4JWrKE9fZepCndDZi+t04X+AIiLYp5s6crWnKP67nzVAzMNgTAc8mu8CnGM+/A=="],

    "@typescript/native-preview-win32-x64": ["@typescript/native-preview-win32-x64@7.0.0-dev.20260512.1", "", { "os": "win32", "cpu": "x64" }, "sha512-Hp6vBnxJSKEEAVWgIoWMmfqkZXCdkhm6XTivrwgRzBwWfiTVe2ZyZ7byWegIKeNnBbffg/K2KvoM8JAHl059GQ=="],

    "typescript": ["typescript@5.9.3", "", { "bin": { "tsc": "bin/tsc", "tsserver": "bin/tsserver" } }, "sha512-jl1vZzPDinLr9eUt3J/t7V6FgNEw9QjvBPdysz9KfQDD41fQrC2Y4vKQdiaUpFT4bXlb1RHhLpp8wtm6M5TgSw=="],

    "undici-types": ["undici-types@7.16.0", "", {}, "sha512-Zz+aZWSj8LE6zoxD+xrjh4VfkIG8Ya6LvYkZqtUQGJPZjYl53ypCaUwWqo7eI0x66KBGeRo+mlBEkMSeSZ38Nw=="],
  }
}
